
Microsoft Visual Studio Solution File, Format Version 12.00
# Visual Studio Version 16
VisualStudioVersion = 16.0.31205.134
MinimumVisualStudioVersion = 10.0.40219.1
Project("{FAE04EC0-301F-11D3-BF4B-00C04F79EFBC}") = "CalculoTerreno", "CalculoTerreno\CalculoTerreno.csproj", "{08966DF8-F32A-4D4A-ADE4-07E0629D8FDF}"
EndProject
Global
	GlobalSection(SolutionConfigurationPlatforms) = preSolution
		Debug|Any CPU = Debug|Any CPU
		Release|Any CPU = Release|Any CPU
	EndGlobalSection
	GlobalSection(ProjectConfigurationPlatforms) = postSolution
		{08966DF8-F32A-4D4A-ADE4-07E0629D8FDF}.Debug|Any CPU.ActiveCfg = Debug|Any CPU
		{08966DF8-F32A-4D4A-ADE4-07E0629D8FDF}.Debug|Any CPU.Build.0 = Debug|Any CPU
		{08966DF8-F32A-4D4A-ADE4-07E0629D8FDF}.Release|Any CPU.ActiveCfg = Release|Any CPU
		{08966DF8-F32A-4D4A-ADE4-07E0629D8FDF}.Release|Any CPU.Build.0 = Release|Any CPU
	EndGlobalSection
	GlobalSection(SolutionProperties) = preSolution
		HideSolutionNode = FALSE
	EndGlobalSection
	GlobalSection(ExtensibilityGlobals) = postSolution
		SolutionGuid = {38F99788-F1D9-4623-A7D8-24595938F98F}
	EndGlobalSection
EndGlobal
