
Microsoft Visual Studio Solution File, Format Version 12.00
# Visual Studio Version 16
VisualStudioVersion = 16.0.31205.134
MinimumVisualStudioVersion = 10.0.40219.1
Project("{FAE04EC0-301F-11D3-BF4B-00C04F79EFBC}") = "Primeiro", "Primeiro\Primeiro.csproj", "{2C4D95E9-477D-4387-853E-F40ECC11C066}"
EndProject
Global
	GlobalSection(SolutionConfigurationPlatforms) = preSolution
		Debug|Any CPU = Debug|Any CPU
		Release|Any CPU = Release|Any CPU
	EndGlobalSection
	GlobalSection(ProjectConfigurationPlatforms) = postSolution
		{2C4D95E9-477D-4387-853E-F40ECC11C066}.Debug|Any CPU.ActiveCfg = Debug|Any CPU
		{2C4D95E9-477D-4387-853E-F40ECC11C066}.Debug|Any CPU.Build.0 = Debug|Any CPU
		{2C4D95E9-477D-4387-853E-F40ECC11C066}.Release|Any CPU.ActiveCfg = Release|Any CPU
		{2C4D95E9-477D-4387-853E-F40ECC11C066}.Release|Any CPU.Build.0 = Release|Any CPU
	EndGlobalSection
	GlobalSection(SolutionProperties) = preSolution
		HideSolutionNode = FALSE
	EndGlobalSection
	GlobalSection(ExtensibilityGlobals) = postSolution
		SolutionGuid = {DB336E38-7C73-4A2A-AAF9-B988BF542EDA}
	EndGlobalSection
EndGlobal
